<?xml version="1.0" encoding="utf-8"?>
<Project ToolsVersion="4.0" xmlns="http://schemas.microsoft.com/developer/msbuild/2003">
  <ItemGroup>
    <Filter Include="Source Files">
      <UniqueIdentifier>{4FC737F1-C7A5-4376-A066-2A32D752A2FF}</UniqueIdentifier>
      <Extensions>cpp;c;cc;cxx;def;odl;idl;hpj;bat;asm;asmx</Extensions>
    </Filter>
    <Filter Include="Header Files">
      <UniqueIdentifier>{93995380-89BD-4b04-88EB-625FBE52EBFB}</UniqueIdentifier>
      <Extensions>h;hh;hpp;hxx;hm;inl;inc;ipp;xsd</Extensions>
    </Filter>
    <Filter Include="Resource Files">
      <UniqueIdentifier>{67DA6AB6-F800-4c08-8B7A-83BB121AAD01}</UniqueIdentifier>
      <Extensions>rc;ico;cur;bmp;dlg;rc2;rct;bin;rgs;gif;jpg;jpeg;jpe;resx;tiff;tif;png;wav;mfcribbon-ms</Extensions>
    </Filter>
    <Filter Include="Source Files\Bonol">
      <UniqueIdentifier>{d2ff4924-eede-4720-934b-1928acfbd897}</UniqueIdentifier>
    </Filter>
    <Filter Include="Source Files\GUI">
      <UniqueIdentifier>{9d89ad8e-136c-46b5-99a2-7957b06e9755}</UniqueIdentifier>
    </Filter>
  </ItemGroup>
  <ItemGroup>
    <ClCompile Include="sources\Source.cpp">
      <Filter>Source Files</Filter>
    </ClCompile>
    <ClCompile Include="sources\Bonol\Bonol.cpp">
      <Filter>Source Files\Bonol</Filter>
    </ClCompile>
    <ClCompile Include="sources\Bonol\Bonol_checks.cpp">
      <Filter>Source Files\Bonol</Filter>
    </ClCompile>
    <ClCompile Include="sources\Bonol\Bonol_data_access.cpp">
      <Filter>Source Files\Bonol</Filter>
    </ClCompile>
    <ClCompile Include="sources\Bonol\Bonol_GUI_interaction.cpp">
      <Filter>Source Files\Bonol</Filter>
    </ClCompile>
    <ClCompile Include="sources\Bonol\Bonol_mechanics.cpp">
      <Filter>Source Files\Bonol</Filter>
    </ClCompile>
    <ClCompile Include="sources\GUI\GUI.cpp">
      <Filter>Source Files\GUI</Filter>
    </ClCompile>
    <ClCompile Include="sources\GUI\GUI_draw.cpp">
      <Filter>Source Files\GUI</Filter>
    </ClCompile>
    <ClCompile Include="sources\GUI\GUI_events.cpp">
      <Filter>Source Files\GUI</Filter>
    </ClCompile>
  </ItemGroup>
  <ItemGroup>
    <ClInclude Include="headers\Bonol.h">
      <Filter>Header Files</Filter>
    </ClInclude>
    <ClInclude Include="headers\GUI.h">
      <Filter>Header Files</Filter>
    </ClInclude>
  </ItemGroup>
  <ItemGroup>
    <Text Include="LICENSE.txt">
      <Filter>Resource Files</Filter>
    </Text>
  </ItemGroup>
</Project>